
Microsoft Visual Studio Solution File, Format Version 12.00
# Visual Studio Version 17
VisualStudioVersion = 17.14.36301.6 d17.14
MinimumVisualStudioVersion = 10.0.40219.1
Project("{FAE04EC0-301F-11D3-BF4B-00C04F79EFBC}") = "BreweryApi", "BreweryApi\BreweryApi.csproj", "{516A2C18-1218-42ED-BC4C-DB8E9EDD0918}"
EndProject
Global
	GlobalSection(SolutionConfigurationPlatforms) = preSolution
		Debug|Any CPU = Debug|Any CPU
		Release|Any CPU = Release|Any CPU
	EndGlobalSection
	GlobalSection(ProjectConfigurationPlatforms) = postSolution
		{516A2C18-1218-42ED-BC4C-DB8E9EDD0918}.Debug|Any CPU.ActiveCfg = Debug|Any CPU
		{516A2C18-1218-42ED-BC4C-DB8E9EDD0918}.Debug|Any CPU.Build.0 = Debug|Any CPU
		{516A2C18-1218-42ED-BC4C-DB8E9EDD0918}.Release|Any CPU.ActiveCfg = Release|Any CPU
		{516A2C18-1218-42ED-BC4C-DB8E9EDD0918}.Release|Any CPU.Build.0 = Release|Any CPU
	EndGlobalSection
	GlobalSection(SolutionProperties) = preSolution
		HideSolutionNode = FALSE
	EndGlobalSection
	GlobalSection(ExtensibilityGlobals) = postSolution
		SolutionGuid = {D88E2A9A-5A02-4D95-9D85-65B9FC883B4D}
	EndGlobalSection
EndGlobal
